// !$*UTF8*$!
{
	archiveVersion = 1;
	classes = {
	};
	objectVersion = 110;
	objects = {

/* Begin PBXFileReference section */
		84FE7755305E9762000A12EC /* disxx.utility.error.DisassemblyError.cpp */ = {isa = PBXFileReference; lastKnownFileType = sourcecode.cpp.cpp; path = disxx.utility.error.DisassemblyError.cpp; sourceTree = "<group>"; };
		84FE7756305E9762000A12EC /* disxx.utility.error.NullPointerError.cpp */ = {isa = PBXFileReference; lastKnownFileType = sourcecode.cpp.cpp; path = disxx.utility.error.NullPointerError.cpp; sourceTree = "<group>"; };
		84FE7757305E9762000A12EC /* disxx.utility.error.ParserError.cpp */ = {isa = PBXFileReference; lastKnownFileType = sourcecode.cpp.cpp; path = disxx.utility.error.ParserError.cpp; sourceTree = "<group>"; };
		84FE7759305E9762000A12EC /* disxx.utility.file.MappedFile.cpp */ = {isa = PBXFileReference; lastKnownFileType = sourcecode.cpp.cpp; path = disxx.utility.file.MappedFile.cpp; sourceTree = "<group>"; };
		84FE775A305E9762000A12EC /* mapped.c */ = {isa = PBXFileReference; lastKnownFileType = sourcecode.c.c; path = mapped.c; sourceTree = "<group>"; };
		84FE775B305E9762000A12EC /* mapped.s */ = {isa = PBXFileReference; lastKnownFileType = sourcecode.asm; path = mapped.s; sourceTree = "<group>"; };
		84FE775D305E9762000A12EC /* disxx.utility.ini.BaseParser.cpp */ = {isa = PBXFileReference; lastKnownFileType = sourcecode.cpp.cpp; path = disxx.utility.ini.BaseParser.cpp; sourceTree = "<group>"; };
		84FE775E305E9762000A12EC /* disxx.utility.ini.Parser.cpp */ = {isa = PBXFileReference; lastKnownFileType = sourcecode.cpp.cpp; path = disxx.utility.ini.Parser.cpp; sourceTree = "<group>"; };
		84FE775F305E9762000A12EC /* disxx.utility.ini.Reader.cpp */ = {isa = PBXFileReference; lastKnownFileType = sourcecode.cpp.cpp; path = disxx.utility.ini.Reader.cpp; sourceTree = "<group>"; };
		84FE7760305E9762000A12EC /* disxx.utility.ini.Writer.cpp */ = {isa = PBXFileReference; lastKnownFileType = sourcecode.cpp.cpp; path = disxx.utility.ini.Writer.cpp; sourceTree = "<group>"; };
		84FE7762305E9762000A12EC /* Makefile */ = {isa = PBXFileReference; lastKnownFileType = sourcecode.make; path = Makefile; sourceTree = "<group>"; };
/* End PBXFileReference section */

/* Begin PBXFileSystemSynchronizedRootGroup section */
		84FE777B305E97B3000A12EC /* modules */ = {
			isa = PBXFileSystemSynchronizedRootGroup;
			path = modules;
			sourceTree = "<group>";
		};
/* End PBXFileSystemSynchronizedRootGroup section */

/* Begin PBXGroup section */
		842F1B53305D1E5E00F775F7 = {
			isa = PBXGroup;
			children = (
				84FE777B305E97B3000A12EC /* modules */,
				84FE7758305E9762000A12EC /* error */,
				84FE775C305E9762000A12EC /* file */,
				84FE7761305E9762000A12EC /* ini */,
				84FE7762305E9762000A12EC /* Makefile */,
			);
			sourceTree = "<group>";
		};
		84FE7758305E9762000A12EC /* error */ = {
			isa = PBXGroup;
			children = (
				84FE7755305E9762000A12EC /* disxx.utility.error.DisassemblyError.cpp */,
				84FE7756305E9762000A12EC /* disxx.utility.error.NullPointerError.cpp */,
				84FE7757305E9762000A12EC /* disxx.utility.error.ParserError.cpp */,
			);
			path = error;
			sourceTree = "<group>";
		};
		84FE775C305E9762000A12EC /* file */ = {
			isa = PBXGroup;
			children = (
				84FE7759305E9762000A12EC /* disxx.utility.file.MappedFile.cpp */,
				84FE775A305E9762000A12EC /* mapped.c */,
				84FE775B305E9762000A12EC /* mapped.s */,
			);
			path = file;
			sourceTree = "<group>";
		};
		84FE7761305E9762000A12EC /* ini */ = {
			isa = PBXGroup;
			children = (
				84FE775D305E9762000A12EC /* disxx.utility.ini.BaseParser.cpp */,
				84FE775E305E9762000A12EC /* disxx.utility.ini.Parser.cpp */,
				84FE775F305E9762000A12EC /* disxx.utility.ini.Reader.cpp */,
				84FE7760305E9762000A12EC /* disxx.utility.ini.Writer.cpp */,
			);
			path = ini;
			sourceTree = "<group>";
		};
/* End PBXGroup section */

/* Begin PBXLegacyTarget section */
		842F1B58305D1E5E00F775F7 /* disxx-utility */ = {
			isa = PBXLegacyTarget;
			buildArgumentsString = "$(ACTION)";
			buildConfigurationList = 842F1B5B305D1E5E00F775F7 /* Build configuration list for PBXLegacyTarget "disxx-utility" */;
			buildToolPath = /usr/bin/make;
			name = "disxx-utility";
			passBuildSettingsInEnvironment = 1;
			productName = "disxx-utility";
		};
/* End PBXLegacyTarget section */

/* Begin PBXProject section */
		842F1B54305D1E5E00F775F7 /* Project object */ = {
			isa = PBXProject;
			attributes = {
				BuildIndependentTargetsInParallel = 1;
				LastUpgradeCheck = 2700;
				TargetAttributes = {
					842F1B58305D1E5E00F775F7 = {
						CreatedOnToolsVersion = 27.0;
					};
				};
			};
			buildConfigurationList = 842F1B57305D1E5E00F775F7 /* Build configuration list for PBXProject "disxx-utility" */;
			developmentRegion = en;
			hasScannedForEncodings = 0;
			knownRegions = (
				en,
				Base,
			);
			mainGroup = 842F1B53305D1E5E00F775F7;
			minimizedProjectReferenceProxies = 1;
			preferredProjectObjectVersion = 77;
			projectDirPath = "";
			projectRoot = "";
			targets = (
				842F1B58305D1E5E00F775F7 /* disxx-utility */,
			);
		};
/* End PBXProject section */

/* Begin XCBuildConfiguration section */
		842F1B59305D1E5E00F775F7 /* Debug configuration for PBXProject "disxx-utility" */ = {
			isa = XCBuildConfiguration;
			buildSettings = {
				ALWAYS_SEARCH_USER_PATHS = NO;
				ASSETCATALOG_COMPILER_GENERATE_SWIFT_ASSET_SYMBOL_EXTENSIONS = YES;
				CLANG_ANALYZER_NONNULL = YES;
				CLANG_ANALYZER_NUMBER_OBJECT_CONVERSION = YES_AGGRESSIVE;
				CLANG_CXX_LANGUAGE_STANDARD = "gnu++20";
				CLANG_ENABLE_MODULES = YES;
				CLANG_ENABLE_OBJC_ARC = YES;
				CLANG_ENABLE_OBJC_WEAK = YES;
				CLANG_WARN_BLOCK_CAPTURE_AUTORELEASING = YES;
				CLANG_WARN_BOOL_CONVERSION = YES;
				CLANG_WARN_COMMA = YES;
				CLANG_WARN_CONSTANT_CONVERSION = YES;
				CLANG_WARN_DEPRECATED_OBJC_IMPLEMENTATIONS = YES;
				CLANG_WARN_DIRECT_OBJC_ISA_USAGE = YES_ERROR;
				CLANG_WARN_DOCUMENTATION_COMMENTS = YES;
				CLANG_WARN_EMPTY_BODY = YES;
				CLANG_WARN_ENUM_CONVERSION = YES;
				CLANG_WARN_INFINITE_RECURSION = YES;
				CLANG_WARN_INT_CONVERSION = YES;
				CLANG_WARN_NON_LITERAL_NULL_CONVERSION = YES;
				CLANG_WARN_OBJC_IMPLICIT_RETAIN_SELF = YES;
				CLANG_WARN_OBJC_LITERAL_CONVERSION = YES;
				CLANG_WARN_OBJC_ROOT_CLASS = YES_ERROR;
				CLANG_WARN_QUOTED_INCLUDE_IN_FRAMEWORK_HEADER = YES;
				CLANG_WARN_RANGE_LOOP_ANALYSIS = YES;
				CLANG_WARN_STRICT_PROTOTYPES = YES;
				CLANG_WARN_SUSPICIOUS_MOVE = YES;
				CLANG_WARN_UNGUARDED_AVAILABILITY = YES_AGGRESSIVE;
				CLANG_WARN_UNREACHABLE_CODE = YES;
				CLANG_WARN__DUPLICATE_METHOD_MATCH = YES;
				COPY_PHASE_STRIP = NO;
				DEBUG_INFORMATION_FORMAT = dwarf;
				ENABLE_STRICT_OBJC_MSGSEND = YES;
				ENABLE_TESTABILITY = YES;
				ENABLE_USER_SCRIPT_SANDBOXING = YES;
				GCC_C_LANGUAGE_STANDARD = gnu17;
				GCC_DYNAMIC_NO_PIC = NO;
				GCC_NO_COMMON_BLOCKS = YES;
				GCC_OPTIMIZATION_LEVEL = 0;
				GCC_PREPROCESSOR_DEFINITIONS = (
					"DEBUG=1",
					"$(inherited)",
				);
				GCC_WARN_64_TO_32_BIT_CONVERSION = YES;
				GCC_WARN_ABOUT_RETURN_TYPE = YES_ERROR;
				GCC_WARN_UNDECLARED_SELECTOR = YES;
				GCC_WARN_UNINITIALIZED_AUTOS = YES_AGGRESSIVE;
				GCC_WARN_UNUSED_FUNCTION = YES;
				GCC_WARN_UNUSED_VARIABLE = YES;
				LOCALIZATION_PREFERS_STRING_CATALOGS = YES;
				MTL_ENABLE_DEBUG_INFO = INCLUDE_SOURCE;
				MTL_FAST_MATH = YES;
				ONLY_ACTIVE_ARCH = YES;
			};
			name = Debug;
		};
		842F1B5A305D1E5E00F775F7 /* Release configuration for PBXProject "disxx-utility" */ = {
			isa = XCBuildConfiguration;
			buildSettings = {
				ALWAYS_SEARCH_USER_PATHS = NO;
				ASSETCATALOG_COMPILER_GENERATE_SWIFT_ASSET_SYMBOL_EXTENSIONS = YES;
				CLANG_ANALYZER_NONNULL = YES;
				CLANG_ANALYZER_NUMBER_OBJECT_CONVERSION = YES_AGGRESSIVE;
				CLANG_CXX_LANGUAGE_STANDARD = "gnu++20";
				CLANG_ENABLE_MODULES = YES;
				CLANG_ENABLE_OBJC_ARC = YES;
				CLANG_ENABLE_OBJC_WEAK = YES;
				CLANG_WARN_BLOCK_CAPTURE_AUTORELEASING = YES;
				CLANG_WARN_BOOL_CONVERSION = YES;
				CLANG_WARN_COMMA = YES;
				CLANG_WARN_CONSTANT_CONVERSION = YES;
				CLANG_WARN_DEPRECATED_OBJC_IMPLEMENTATIONS = YES;
				CLANG_WARN_DIRECT_OBJC_ISA_USAGE = YES_ERROR;
				CLANG_WARN_DOCUMENTATION_COMMENTS = YES;
				CLANG_WARN_EMPTY_BODY = YES;
				CLANG_WARN_ENUM_CONVERSION = YES;
				CLANG_WARN_INFINITE_RECURSION = YES;
				CLANG_WARN_INT_CONVERSION = YES;
				CLANG_WARN_NON_LITERAL_NULL_CONVERSION = YES;
				CLANG_WARN_OBJC_IMPLICIT_RETAIN_SELF = YES;
				CLANG_WARN_OBJC_LITERAL_CONVERSION = YES;
				CLANG_WARN_OBJC_ROOT_CLASS = YES_ERROR;
				CLANG_WARN_QUOTED_INCLUDE_IN_FRAMEWORK_HEADER = YES;
				CLANG_WARN_RANGE_LOOP_ANALYSIS = YES;
				CLANG_WARN_STRICT_PROTOTYPES = YES;
				CLANG_WARN_SUSPICIOUS_MOVE = YES;
				CLANG_WARN_UNGUARDED_AVAILABILITY = YES_AGGRESSIVE;
				CLANG_WARN_UNREACHABLE_CODE = YES;
				CLANG_WARN__DUPLICATE_METHOD_MATCH = YES;
				COPY_PHASE_STRIP = NO;
				DEBUG_INFORMATION_FORMAT = "dwarf-with-dsym";
				ENABLE_NS_ASSERTIONS = NO;
				ENABLE_STRICT_OBJC_MSGSEND = YES;
				ENABLE_USER_SCRIPT_SANDBOXING = YES;
				GCC_C_LANGUAGE_STANDARD = gnu17;
				GCC_NO_COMMON_BLOCKS = YES;
				GCC_WARN_64_TO_32_BIT_CONVERSION = YES;
				GCC_WARN_ABOUT_RETURN_TYPE = YES_ERROR;
				GCC_WARN_UNDECLARED_SELECTOR = YES;
				GCC_WARN_UNINITIALIZED_AUTOS = YES_AGGRESSIVE;
				GCC_WARN_UNUSED_FUNCTION = YES;
				GCC_WARN_UNUSED_VARIABLE = YES;
				LOCALIZATION_PREFERS_STRING_CATALOGS = YES;
				MTL_ENABLE_DEBUG_INFO = NO;
				MTL_FAST_MATH = YES;
			};
			name = Release;
		};
		842F1B5C305D1E5E00F775F7 /* Debug configuration for PBXLegacyTarget "disxx-utility" */ = {
			isa = XCBuildConfiguration;
			buildSettings = {
				CODE_SIGN_STYLE = Automatic;
				DEBUGGING_SYMBOLS = YES;
				DEBUG_INFORMATION_FORMAT = dwarf;
				GCC_GENERATE_DEBUGGING_SYMBOLS = YES;
				GCC_OPTIMIZATION_LEVEL = 0;
				OTHER_CFLAGS = "";
				OTHER_LDFLAGS = "";
				PRODUCT_NAME = "$(TARGET_NAME)";
			};
			name = Debug;
		};
		842F1B5D305D1E5E00F775F7 /* Release configuration for PBXLegacyTarget "disxx-utility" */ = {
			isa = XCBuildConfiguration;
			buildSettings = {
				CODE_SIGN_STYLE = Automatic;
				DEBUG_INFORMATION_FORMAT = "dwarf-with-dsym";
				OTHER_CFLAGS = "";
				OTHER_LDFLAGS = "";
				PRODUCT_NAME = "$(TARGET_NAME)";
			};
			name = Release;
		};
/* End XCBuildConfiguration section */

/* Begin XCConfigurationList section */
		842F1B57305D1E5E00F775F7 /* Build configuration list for PBXProject "disxx-utility" */ = {
			isa = XCConfigurationList;
			buildConfigurations = (
				842F1B59305D1E5E00F775F7 /* Debug configuration for PBXProject "disxx-utility" */,
				842F1B5A305D1E5E00F775F7 /* Release configuration for PBXProject "disxx-utility" */,
			);
			defaultConfigurationName = Release;
		};
		842F1B5B305D1E5E00F775F7 /* Build configuration list for PBXLegacyTarget "disxx-utility" */ = {
			isa = XCConfigurationList;
			buildConfigurations = (
				842F1B5C305D1E5E00F775F7 /* Debug configuration for PBXLegacyTarget "disxx-utility" */,
				842F1B5D305D1E5E00F775F7 /* Release configuration for PBXLegacyTarget "disxx-utility" */,
			);
			defaultConfigurationName = Release;
		};
/* End XCConfigurationList section */
	};
	rootObject = 842F1B54305D1E5E00F775F7 /* Project object */;
	validationLevel = 1;
}
