// !$*UTF8*$!
{
	archiveVersion = 1;
	classes = {
	};
	objectVersion = 110;
	objects = {

/* Begin PBXFileReference section */
		84FE7716305E94CA000A12EC /* Makefile */ = {isa = PBXFileReference; lastKnownFileType = sourcecode.make; path = Makefile; sourceTree = "<group>"; };
		84FE7717305E94CA000A12EC /* disxx.loader.executable.Label.cppm */ = {isa = PBXFileReference; lastKnownFileType = text; path = disxx.loader.executable.Label.cppm; sourceTree = "<group>"; };
		84FE7718305E94CA000A12EC /* disxx.loader.executable.Section.cppm */ = {isa = PBXFileReference; lastKnownFileType = text; path = disxx.loader.executable.Section.cppm; sourceTree = "<group>"; };
		84FE771A305E94CA000A12EC /* disxx.loader.utility.BinaryInfo.cppm */ = {isa = PBXFileReference; lastKnownFileType = text; path = disxx.loader.utility.BinaryInfo.cppm; sourceTree = "<group>"; };
		84FE771B305E94CA000A12EC /* disxx.loader.utility.Section.cppm */ = {isa = PBXFileReference; lastKnownFileType = text; path = disxx.loader.utility.Section.cppm; sourceTree = "<group>"; };
		84FE771D305E94CA000A12EC /* disxx.loader.abstract.Loader.cppm */ = {isa = PBXFileReference; lastKnownFileType = text; path = disxx.loader.abstract.Loader.cppm; sourceTree = "<group>"; };
		84FE771F305E94CA000A12EC /* disxx.loader.executable.ExecutableFile.cppm */ = {isa = PBXFileReference; lastKnownFileType = text; path = disxx.loader.executable.ExecutableFile.cppm; sourceTree = "<group>"; };
		84FE7721305E94CA000A12EC /* disxx.loader.macho.Loader.cppm */ = {isa = PBXFileReference; lastKnownFileType = text; path = disxx.loader.macho.Loader.cppm; sourceTree = "<group>"; };
		84FE7724305E94CA000A12EC /* disxx.loader.executable.ExecutableFile.cpp */ = {isa = PBXFileReference; lastKnownFileType = sourcecode.cpp.cpp; path = disxx.loader.executable.ExecutableFile.cpp; sourceTree = "<group>"; };
		84FE7725305E94CA000A12EC /* disxx.loader.executable.Label.cpp */ = {isa = PBXFileReference; lastKnownFileType = sourcecode.cpp.cpp; path = disxx.loader.executable.Label.cpp; sourceTree = "<group>"; };
		84FE7726305E94CA000A12EC /* disxx.loader.executable.Section.cpp */ = {isa = PBXFileReference; lastKnownFileType = sourcecode.cpp.cpp; path = disxx.loader.executable.Section.cpp; sourceTree = "<group>"; };
		84FE7728305E94CA000A12EC /* disxx.loader.utility.BinaryInfo.cpp */ = {isa = PBXFileReference; lastKnownFileType = sourcecode.cpp.cpp; path = disxx.loader.utility.BinaryInfo.cpp; sourceTree = "<group>"; };
		84FE7729305E94CA000A12EC /* mapstatus.h */ = {isa = PBXFileReference; lastKnownFileType = sourcecode.c.h; path = mapstatus.h; sourceTree = "<group>"; };
		84FE772B305E94CA000A12EC /* disxx.loader.macho.Loader.cpp */ = {isa = PBXFileReference; lastKnownFileType = sourcecode.cpp.cpp; path = disxx.loader.macho.Loader.cpp; sourceTree = "<group>"; };
/* End PBXFileReference section */

/* Begin PBXGroup section */
		842F1B32305D1DF300F775F7 = {
			isa = PBXGroup;
			children = (
				84FE7716305E94CA000A12EC /* Makefile */,
				84FE7723305E94CA000A12EC /* modules */,
				84FE772C305E94CA000A12EC /* src */,
			);
			sourceTree = "<group>";
		};
		84FE7719305E94CA000A12EC /* executable */ = {
			isa = PBXGroup;
			children = (
				84FE7717305E94CA000A12EC /* disxx.loader.executable.Label.cppm */,
				84FE7718305E94CA000A12EC /* disxx.loader.executable.Section.cppm */,
			);
			path = executable;
			sourceTree = "<group>";
		};
		84FE771C305E94CA000A12EC /* utility */ = {
			isa = PBXGroup;
			children = (
				84FE771A305E94CA000A12EC /* disxx.loader.utility.BinaryInfo.cppm */,
				84FE771B305E94CA000A12EC /* disxx.loader.utility.Section.cppm */,
			);
			path = utility;
			sourceTree = "<group>";
		};
		84FE771E305E94CA000A12EC /* private */ = {
			isa = PBXGroup;
			children = (
				84FE7719305E94CA000A12EC /* executable */,
				84FE771C305E94CA000A12EC /* utility */,
				84FE771D305E94CA000A12EC /* disxx.loader.abstract.Loader.cppm */,
			);
			path = private;
			sourceTree = "<group>";
		};
		84FE7720305E94CA000A12EC /* executable */ = {
			isa = PBXGroup;
			children = (
				84FE771F305E94CA000A12EC /* disxx.loader.executable.ExecutableFile.cppm */,
			);
			path = executable;
			sourceTree = "<group>";
		};
		84FE7722305E94CA000A12EC /* public */ = {
			isa = PBXGroup;
			children = (
				84FE7720305E94CA000A12EC /* executable */,
				84FE7721305E94CA000A12EC /* disxx.loader.macho.Loader.cppm */,
			);
			path = public;
			sourceTree = "<group>";
		};
		84FE7723305E94CA000A12EC /* modules */ = {
			isa = PBXGroup;
			children = (
				84FE771E305E94CA000A12EC /* private */,
				84FE7722305E94CA000A12EC /* public */,
			);
			path = modules;
			sourceTree = "<group>";
		};
		84FE7727305E94CA000A12EC /* executable */ = {
			isa = PBXGroup;
			children = (
				84FE7724305E94CA000A12EC /* disxx.loader.executable.ExecutableFile.cpp */,
				84FE7725305E94CA000A12EC /* disxx.loader.executable.Label.cpp */,
				84FE7726305E94CA000A12EC /* disxx.loader.executable.Section.cpp */,
			);
			path = executable;
			sourceTree = "<group>";
		};
		84FE772A305E94CA000A12EC /* utility */ = {
			isa = PBXGroup;
			children = (
				84FE7728305E94CA000A12EC /* disxx.loader.utility.BinaryInfo.cpp */,
				84FE7729305E94CA000A12EC /* mapstatus.h */,
			);
			path = utility;
			sourceTree = "<group>";
		};
		84FE772C305E94CA000A12EC /* src */ = {
			isa = PBXGroup;
			children = (
				84FE7727305E94CA000A12EC /* executable */,
				84FE772A305E94CA000A12EC /* utility */,
				84FE772B305E94CA000A12EC /* disxx.loader.macho.Loader.cpp */,
			);
			path = src;
			sourceTree = "<group>";
		};
/* End PBXGroup section */

/* Begin PBXLegacyTarget section */
		842F1B37305D1DF300F775F7 /* disxx-loader */ = {
			isa = PBXLegacyTarget;
			buildArgumentsString = "$(ACTION)";
			buildConfigurationList = 842F1B3A305D1DF300F775F7 /* Build configuration list for PBXLegacyTarget "disxx-loader" */;
			buildToolPath = /usr/bin/make;
			name = "disxx-loader";
			passBuildSettingsInEnvironment = 1;
			productName = "disxx-loader";
		};
/* End PBXLegacyTarget section */

/* Begin PBXProject section */
		842F1B33305D1DF300F775F7 /* Project object */ = {
			isa = PBXProject;
			attributes = {
				BuildIndependentTargetsInParallel = 1;
				LastUpgradeCheck = 2700;
				TargetAttributes = {
					842F1B37305D1DF300F775F7 = {
						CreatedOnToolsVersion = 27.0;
					};
				};
			};
			buildConfigurationList = 842F1B36305D1DF300F775F7 /* Build configuration list for PBXProject "disxx-loader" */;
			developmentRegion = en;
			hasScannedForEncodings = 0;
			knownRegions = (
				en,
				Base,
			);
			mainGroup = 842F1B32305D1DF300F775F7;
			minimizedProjectReferenceProxies = 1;
			preferredProjectObjectVersion = 77;
			projectDirPath = "";
			projectRoot = "";
			targets = (
				842F1B37305D1DF300F775F7 /* disxx-loader */,
			);
		};
/* End PBXProject section */

/* Begin XCBuildConfiguration section */
		842F1B38305D1DF300F775F7 /* Debug configuration for PBXProject "disxx-loader" */ = {
			isa = XCBuildConfiguration;
			buildSettings = {
				ALWAYS_SEARCH_USER_PATHS = NO;
				ASSETCATALOG_COMPILER_GENERATE_SWIFT_ASSET_SYMBOL_EXTENSIONS = YES;
				CLANG_ANALYZER_NONNULL = YES;
				CLANG_ANALYZER_NUMBER_OBJECT_CONVERSION = YES_AGGRESSIVE;
				CLANG_CXX_LANGUAGE_STANDARD = "gnu++20";
				CLANG_ENABLE_MODULES = YES;
				CLANG_ENABLE_OBJC_ARC = YES;
				CLANG_ENABLE_OBJC_WEAK = YES;
				CLANG_WARN_BLOCK_CAPTURE_AUTORELEASING = YES;
				CLANG_WARN_BOOL_CONVERSION = YES;
				CLANG_WARN_COMMA = YES;
				CLANG_WARN_CONSTANT_CONVERSION = YES;
				CLANG_WARN_DEPRECATED_OBJC_IMPLEMENTATIONS = YES;
				CLANG_WARN_DIRECT_OBJC_ISA_USAGE = YES_ERROR;
				CLANG_WARN_DOCUMENTATION_COMMENTS = YES;
				CLANG_WARN_EMPTY_BODY = YES;
				CLANG_WARN_ENUM_CONVERSION = YES;
				CLANG_WARN_INFINITE_RECURSION = YES;
				CLANG_WARN_INT_CONVERSION = YES;
				CLANG_WARN_NON_LITERAL_NULL_CONVERSION = YES;
				CLANG_WARN_OBJC_IMPLICIT_RETAIN_SELF = YES;
				CLANG_WARN_OBJC_LITERAL_CONVERSION = YES;
				CLANG_WARN_OBJC_ROOT_CLASS = YES_ERROR;
				CLANG_WARN_QUOTED_INCLUDE_IN_FRAMEWORK_HEADER = YES;
				CLANG_WARN_RANGE_LOOP_ANALYSIS = YES;
				CLANG_WARN_STRICT_PROTOTYPES = YES;
				CLANG_WARN_SUSPICIOUS_MOVE = YES;
				CLANG_WARN_UNGUARDED_AVAILABILITY = YES_AGGRESSIVE;
				CLANG_WARN_UNREACHABLE_CODE = YES;
				CLANG_WARN__DUPLICATE_METHOD_MATCH = YES;
				COPY_PHASE_STRIP = NO;
				DEBUG_INFORMATION_FORMAT = dwarf;
				ENABLE_STRICT_OBJC_MSGSEND = YES;
				ENABLE_TESTABILITY = YES;
				ENABLE_USER_SCRIPT_SANDBOXING = YES;
				GCC_C_LANGUAGE_STANDARD = gnu17;
				GCC_DYNAMIC_NO_PIC = NO;
				GCC_NO_COMMON_BLOCKS = YES;
				GCC_OPTIMIZATION_LEVEL = 0;
				GCC_PREPROCESSOR_DEFINITIONS = (
					"DEBUG=1",
					"$(inherited)",
				);
				GCC_WARN_64_TO_32_BIT_CONVERSION = YES;
				GCC_WARN_ABOUT_RETURN_TYPE = YES_ERROR;
				GCC_WARN_UNDECLARED_SELECTOR = YES;
				GCC_WARN_UNINITIALIZED_AUTOS = YES_AGGRESSIVE;
				GCC_WARN_UNUSED_FUNCTION = YES;
				GCC_WARN_UNUSED_VARIABLE = YES;
				LOCALIZATION_PREFERS_STRING_CATALOGS = YES;
				MTL_ENABLE_DEBUG_INFO = INCLUDE_SOURCE;
				MTL_FAST_MATH = YES;
				ONLY_ACTIVE_ARCH = YES;
			};
			name = Debug;
		};
		842F1B39305D1DF300F775F7 /* Release configuration for PBXProject "disxx-loader" */ = {
			isa = XCBuildConfiguration;
			buildSettings = {
				ALWAYS_SEARCH_USER_PATHS = NO;
				ASSETCATALOG_COMPILER_GENERATE_SWIFT_ASSET_SYMBOL_EXTENSIONS = YES;
				CLANG_ANALYZER_NONNULL = YES;
				CLANG_ANALYZER_NUMBER_OBJECT_CONVERSION = YES_AGGRESSIVE;
				CLANG_CXX_LANGUAGE_STANDARD = "gnu++20";
				CLANG_ENABLE_MODULES = YES;
				CLANG_ENABLE_OBJC_ARC = YES;
				CLANG_ENABLE_OBJC_WEAK = YES;
				CLANG_WARN_BLOCK_CAPTURE_AUTORELEASING = YES;
				CLANG_WARN_BOOL_CONVERSION = YES;
				CLANG_WARN_COMMA = YES;
				CLANG_WARN_CONSTANT_CONVERSION = YES;
				CLANG_WARN_DEPRECATED_OBJC_IMPLEMENTATIONS = YES;
				CLANG_WARN_DIRECT_OBJC_ISA_USAGE = YES_ERROR;
				CLANG_WARN_DOCUMENTATION_COMMENTS = YES;
				CLANG_WARN_EMPTY_BODY = YES;
				CLANG_WARN_ENUM_CONVERSION = YES;
				CLANG_WARN_INFINITE_RECURSION = YES;
				CLANG_WARN_INT_CONVERSION = YES;
				CLANG_WARN_NON_LITERAL_NULL_CONVERSION = YES;
				CLANG_WARN_OBJC_IMPLICIT_RETAIN_SELF = YES;
				CLANG_WARN_OBJC_LITERAL_CONVERSION = YES;
				CLANG_WARN_OBJC_ROOT_CLASS = YES_ERROR;
				CLANG_WARN_QUOTED_INCLUDE_IN_FRAMEWORK_HEADER = YES;
				CLANG_WARN_RANGE_LOOP_ANALYSIS = YES;
				CLANG_WARN_STRICT_PROTOTYPES = YES;
				CLANG_WARN_SUSPICIOUS_MOVE = YES;
				CLANG_WARN_UNGUARDED_AVAILABILITY = YES_AGGRESSIVE;
				CLANG_WARN_UNREACHABLE_CODE = YES;
				CLANG_WARN__DUPLICATE_METHOD_MATCH = YES;
				COPY_PHASE_STRIP = NO;
				DEBUG_INFORMATION_FORMAT = "dwarf-with-dsym";
				ENABLE_NS_ASSERTIONS = NO;
				ENABLE_STRICT_OBJC_MSGSEND = YES;
				ENABLE_USER_SCRIPT_SANDBOXING = YES;
				GCC_C_LANGUAGE_STANDARD = gnu17;
				GCC_NO_COMMON_BLOCKS = YES;
				GCC_WARN_64_TO_32_BIT_CONVERSION = YES;
				GCC_WARN_ABOUT_RETURN_TYPE = YES_ERROR;
				GCC_WARN_UNDECLARED_SELECTOR = YES;
				GCC_WARN_UNINITIALIZED_AUTOS = YES_AGGRESSIVE;
				GCC_WARN_UNUSED_FUNCTION = YES;
				GCC_WARN_UNUSED_VARIABLE = YES;
				LOCALIZATION_PREFERS_STRING_CATALOGS = YES;
				MTL_ENABLE_DEBUG_INFO = NO;
				MTL_FAST_MATH = YES;
			};
			name = Release;
		};
		842F1B3B305D1DF300F775F7 /* Debug configuration for PBXLegacyTarget "disxx-loader" */ = {
			isa = XCBuildConfiguration;
			buildSettings = {
				CODE_SIGN_STYLE = Automatic;
				DEBUGGING_SYMBOLS = YES;
				DEBUG_INFORMATION_FORMAT = dwarf;
				GCC_GENERATE_DEBUGGING_SYMBOLS = YES;
				GCC_OPTIMIZATION_LEVEL = 0;
				OTHER_CFLAGS = "";
				OTHER_LDFLAGS = "";
				PRODUCT_NAME = "$(TARGET_NAME)";
			};
			name = Debug;
		};
		842F1B3C305D1DF300F775F7 /* Release configuration for PBXLegacyTarget "disxx-loader" */ = {
			isa = XCBuildConfiguration;
			buildSettings = {
				CODE_SIGN_STYLE = Automatic;
				DEBUG_INFORMATION_FORMAT = "dwarf-with-dsym";
				OTHER_CFLAGS = "";
				OTHER_LDFLAGS = "";
				PRODUCT_NAME = "$(TARGET_NAME)";
			};
			name = Release;
		};
/* End XCBuildConfiguration section */

/* Begin XCConfigurationList section */
		842F1B36305D1DF300F775F7 /* Build configuration list for PBXProject "disxx-loader" */ = {
			isa = XCConfigurationList;
			buildConfigurations = (
				842F1B38305D1DF300F775F7 /* Debug configuration for PBXProject "disxx-loader" */,
				842F1B39305D1DF300F775F7 /* Release configuration for PBXProject "disxx-loader" */,
			);
			defaultConfigurationName = Release;
		};
		842F1B3A305D1DF300F775F7 /* Build configuration list for PBXLegacyTarget "disxx-loader" */ = {
			isa = XCConfigurationList;
			buildConfigurations = (
				842F1B3B305D1DF300F775F7 /* Debug configuration for PBXLegacyTarget "disxx-loader" */,
				842F1B3C305D1DF300F775F7 /* Release configuration for PBXLegacyTarget "disxx-loader" */,
			);
			defaultConfigurationName = Release;
		};
/* End XCConfigurationList section */
	};
	rootObject = 842F1B33305D1DF300F775F7 /* Project object */;
	validationLevel = 1;
}
